// !$*UTF8*$!
{
	archiveVersion = 1;
	classes = {
	};
	objectVersion = 77;
	objects = {

/* Begin PBXBuildFile section */
		9B834D5F2E1BDA7D002699BD /* SDSnapshots in Frameworks */ = {isa = PBXBuildFile; productRef = 9B200B1E2D9149D800CC1A98 /* SDSnapshots */; };
/* End PBXBuildFile section */

/* Begin PBXContainerItemProxy section */
		9BF4B79F2D4B770E00F4E9E6 /* PBXContainerItemProxy */ = {
			isa = PBXContainerItemProxy;
			containerPortal = 9BF4AFE32D4B754900F4E9E6 /* Project object */;
			proxyType = 1;
			remoteGlobalIDString = 9BF4AFEA2D4B754900F4E9E6;
			remoteInfo = HostApp;
		};
/* End PBXContainerItemProxy section */

/* Begin PBXFileReference section */
		9BF4AFEB2D4B754A00F4E9E6 /* HostApp.app */ = {isa = PBXFileReference; explicitFileType = wrapper.application; includeInIndex = 0; path = HostApp.app; sourceTree = BUILT_PRODUCTS_DIR; };
		9BF4B79B2D4B770D00F4E9E6 /* SDSnapshotTests.xctest */ = {isa = PBXFileReference; explicitFileType = wrapper.cfbundle; includeInIndex = 0; path = SDSnapshotTests.xctest; sourceTree = BUILT_PRODUCTS_DIR; };
		9BF4BC832D4B876F00F4E9E6 /* SamlpeTests.xctestplan */ = {isa = PBXFileReference; lastKnownFileType = text; path = SamlpeTests.xctestplan; sourceTree = "<group>"; };
/* End PBXFileReference section */

/* Begin PBXFileSystemSynchronizedBuildFileExceptionSet section */
		9BF4BC872D4B89D000F4E9E6 /* Exceptions for "HostApp" folder in "HostApp" target */ = {
			isa = PBXFileSystemSynchronizedBuildFileExceptionSet;
			membershipExceptions = (
				AppDelegate.swift,
			);
			target = 9BF4AFEA2D4B754900F4E9E6 /* HostApp */;
		};
/* End PBXFileSystemSynchronizedBuildFileExceptionSet section */

/* Begin PBXFileSystemSynchronizedRootGroup section */
		9BF4B0B12D4B75CA00F4E9E6 /* HostApp */ = {
			isa = PBXFileSystemSynchronizedRootGroup;
			exceptions = (
				9BF4BC872D4B89D000F4E9E6 /* Exceptions for "HostApp" folder in "HostApp" target */,
			);
			path = HostApp;
			sourceTree = "<group>";
		};
		9BF4B79C2D4B770D00F4E9E6 /* Tests */ = {
			isa = PBXFileSystemSynchronizedRootGroup;
			path = Tests;
			sourceTree = "<group>";
		};
/* End PBXFileSystemSynchronizedRootGroup section */

/* Begin PBXFrameworksBuildPhase section */
		9BF4AFE82D4B754900F4E9E6 /* Frameworks */ = {
			isa = PBXFrameworksBuildPhase;
			buildActionMask = 2147483647;
			files = (
			);
			runOnlyForDeploymentPostprocessing = 0;
		};
		9BF4B7982D4B770D00F4E9E6 /* Frameworks */ = {
			isa = PBXFrameworksBuildPhase;
			buildActionMask = 2147483647;
			files = (
				9B834D5F2E1BDA7D002699BD /* SDSnapshots in Frameworks */,
			);
			runOnlyForDeploymentPostprocessing = 0;
		};
/* End PBXFrameworksBuildPhase section */

/* Begin PBXGroup section */
		9BF4AFE22D4B754900F4E9E6 = {
			isa = PBXGroup;
			children = (
				9BF4BC832D4B876F00F4E9E6 /* SamlpeTests.xctestplan */,
				9BF4B79C2D4B770D00F4E9E6 /* Tests */,
				9BF4AFEC2D4B754A00F4E9E6 /* Products */,
				9BF4B0B12D4B75CA00F4E9E6 /* HostApp */,
				9BF4BC8D2D4B8AD200F4E9E6 /* Frameworks */,
			);
			sourceTree = "<group>";
		};
		9BF4AFEC2D4B754A00F4E9E6 /* Products */ = {
			isa = PBXGroup;
			children = (
				9BF4AFEB2D4B754A00F4E9E6 /* HostApp.app */,
				9BF4B79B2D4B770D00F4E9E6 /* SDSnapshotTests.xctest */,
			);
			name = Products;
			sourceTree = "<group>";
		};
		9BF4BC8D2D4B8AD200F4E9E6 /* Frameworks */ = {
			isa = PBXGroup;
			children = (
			);
			name = Frameworks;
			sourceTree = "<group>";
		};
/* End PBXGroup section */

/* Begin PBXNativeTarget section */
		9BF4AFEA2D4B754900F4E9E6 /* HostApp */ = {
			isa = PBXNativeTarget;
			buildConfigurationList = 9BF4AFF92D4B754C00F4E9E6 /* Build configuration list for PBXNativeTarget "HostApp" */;
			buildPhases = (
				9BF4AFE72D4B754900F4E9E6 /* Sources */,
				9BF4AFE82D4B754900F4E9E6 /* Frameworks */,
			);
			buildRules = (
			);
			dependencies = (
			);
			name = HostApp;
			packageProductDependencies = (
			);
			productName = SampleProj;
			productReference = 9BF4AFEB2D4B754A00F4E9E6 /* HostApp.app */;
			productType = "com.apple.product-type.application";
		};
		9BF4B79A2D4B770D00F4E9E6 /* SDSnapshotTests */ = {
			isa = PBXNativeTarget;
			buildConfigurationList = 9BF4B7A12D4B770E00F4E9E6 /* Build configuration list for PBXNativeTarget "SDSnapshotTests" */;
			buildPhases = (
				9BF4B7972D4B770D00F4E9E6 /* Sources */,
				9BF4B7982D4B770D00F4E9E6 /* Frameworks */,
			);
			buildRules = (
			);
			dependencies = (
				9B200B212D914A0C00CC1A98 /* PBXTargetDependency */,
				9BF4B7A02D4B770E00F4E9E6 /* PBXTargetDependency */,
			);
			fileSystemSynchronizedGroups = (
				9BF4B79C2D4B770D00F4E9E6 /* Tests */,
			);
			name = SDSnapshotTests;
			packageProductDependencies = (
				9BF4BBD32D4B85C000F4E9E6 /* SDSnapshots */,
				9B200B1E2D9149D800CC1A98 /* SDSnapshots */,
			);
			productName = Tests;
			productReference = 9BF4B79B2D4B770D00F4E9E6 /* SDSnapshotTests.xctest */;
			productType = "com.apple.product-type.bundle.unit-test";
		};
/* End PBXNativeTarget section */

/* Begin PBXProject section */
		9BF4AFE32D4B754900F4E9E6 /* Project object */ = {
			isa = PBXProject;
			attributes = {
				BuildIndependentTargetsInParallel = 1;
				LastSwiftUpdateCheck = 1610;
				LastUpgradeCheck = 1610;
				TargetAttributes = {
					9BF4AFEA2D4B754900F4E9E6 = {
						CreatedOnToolsVersion = 16.1;
					};
					9BF4B79A2D4B770D00F4E9E6 = {
						CreatedOnToolsVersion = 16.1;
						TestTargetID = 9BF4AFEA2D4B754900F4E9E6;
					};
				};
			};
			buildConfigurationList = 9BF4AFE62D4B754900F4E9E6 /* Build configuration list for PBXProject "SampleProj" */;
			developmentRegion = en;
			hasScannedForEncodings = 0;
			knownRegions = (
				en,
				Base,
				de,
				ru,
			);
			mainGroup = 9BF4AFE22D4B754900F4E9E6;
			minimizedProjectReferenceProxies = 1;
			packageReferences = (
				9B200B1D2D9149D800CC1A98 /* XCRemoteSwiftPackageReference "snapshots-kit-ios" */,
			);
			preferredProjectObjectVersion = 77;
			productRefGroup = 9BF4AFEC2D4B754A00F4E9E6 /* Products */;
			projectDirPath = "";
			projectRoot = "";
			targets = (
				9BF4AFEA2D4B754900F4E9E6 /* HostApp */,
				9BF4B79A2D4B770D00F4E9E6 /* SDSnapshotTests */,
			);
		};
/* End PBXProject section */

/* Begin PBXSourcesBuildPhase section */
		9BF4AFE72D4B754900F4E9E6 /* Sources */ = {
			isa = PBXSourcesBuildPhase;
			buildActionMask = 2147483647;
			files = (
			);
			runOnlyForDeploymentPostprocessing = 0;
		};
		9BF4B7972D4B770D00F4E9E6 /* Sources */ = {
			isa = PBXSourcesBuildPhase;
			buildActionMask = 2147483647;
			files = (
			);
			runOnlyForDeploymentPostprocessing = 0;
		};
/* End PBXSourcesBuildPhase section */

/* Begin PBXTargetDependency section */
		9B200B212D914A0C00CC1A98 /* PBXTargetDependency */ = {
			isa = PBXTargetDependency;
			productRef = 9B200B202D914A0C00CC1A98 /* SDSnapshots */;
		};
		9BF4B7A02D4B770E00F4E9E6 /* PBXTargetDependency */ = {
			isa = PBXTargetDependency;
			target = 9BF4AFEA2D4B754900F4E9E6 /* HostApp */;
			targetProxy = 9BF4B79F2D4B770E00F4E9E6 /* PBXContainerItemProxy */;
		};
/* End PBXTargetDependency section */

/* Begin XCBuildConfiguration section */
		9BF4AFF72D4B754C00F4E9E6 /* Debug */ = {
			isa = XCBuildConfiguration;
			buildSettings = {
				ALWAYS_SEARCH_USER_PATHS = NO;
				ASSETCATALOG_COMPILER_GENERATE_SWIFT_ASSET_SYMBOL_EXTENSIONS = YES;
				CLANG_ANALYZER_NONNULL = YES;
				CLANG_ANALYZER_NUMBER_OBJECT_CONVERSION = YES_AGGRESSIVE;
				CLANG_CXX_LANGUAGE_STANDARD = "gnu++20";
				CLANG_ENABLE_MODULES = YES;
				CLANG_ENABLE_OBJC_ARC = YES;
				CLANG_ENABLE_OBJC_WEAK = YES;
				CLANG_WARN_BLOCK_CAPTURE_AUTORELEASING = YES;
				CLANG_WARN_BOOL_CONVERSION = YES;
				CLANG_WARN_COMMA = YES;
				CLANG_WARN_CONSTANT_CONVERSION = YES;
				CLANG_WARN_DEPRECATED_OBJC_IMPLEMENTATIONS = YES;
				CLANG_WARN_DIRECT_OBJC_ISA_USAGE = YES_ERROR;
				CLANG_WARN_DOCUMENTATION_COMMENTS = YES;
				CLANG_WARN_EMPTY_BODY = YES;
				CLANG_WARN_ENUM_CONVERSION = YES;
				CLANG_WARN_INFINITE_RECURSION = YES;
				CLANG_WARN_INT_CONVERSION = YES;
				CLANG_WARN_NON_LITERAL_NULL_CONVERSION = YES;
				CLANG_WARN_OBJC_IMPLICIT_RETAIN_SELF = YES;
				CLANG_WARN_OBJC_LITERAL_CONVERSION = YES;
				CLANG_WARN_OBJC_ROOT_CLASS = YES_ERROR;
				CLANG_WARN_QUOTED_INCLUDE_IN_FRAMEWORK_HEADER = YES;
				CLANG_WARN_RANGE_LOOP_ANALYSIS = YES;
				CLANG_WARN_STRICT_PROTOTYPES = YES;
				CLANG_WARN_SUSPICIOUS_MOVE = YES;
				CLANG_WARN_UNGUARDED_AVAILABILITY = YES_AGGRESSIVE;
				CLANG_WARN_UNREACHABLE_CODE = YES;
				CLANG_WARN__DUPLICATE_METHOD_MATCH = YES;
				COPY_PHASE_STRIP = NO;
				DEBUG_INFORMATION_FORMAT = dwarf;
				ENABLE_STRICT_OBJC_MSGSEND = YES;
				ENABLE_TESTABILITY = YES;
				ENABLE_USER_SCRIPT_SANDBOXING = YES;
				GCC_C_LANGUAGE_STANDARD = gnu17;
				GCC_DYNAMIC_NO_PIC = NO;
				GCC_NO_COMMON_BLOCKS = YES;
				GCC_OPTIMIZATION_LEVEL = 0;
				GCC_PREPROCESSOR_DEFINITIONS = (
					"DEBUG=1",
					"$(inherited)",
				);
				GCC_WARN_64_TO_32_BIT_CONVERSION = YES;
				GCC_WARN_ABOUT_RETURN_TYPE = YES_ERROR;
				GCC_WARN_UNDECLARED_SELECTOR = YES;
				GCC_WARN_UNINITIALIZED_AUTOS = YES_AGGRESSIVE;
				GCC_WARN_UNUSED_FUNCTION = YES;
				GCC_WARN_UNUSED_VARIABLE = YES;
				IPHONEOS_DEPLOYMENT_TARGET = 18.1;
				LOCALIZATION_PREFERS_STRING_CATALOGS = YES;
				MTL_ENABLE_DEBUG_INFO = INCLUDE_SOURCE;
				MTL_FAST_MATH = YES;
				ONLY_ACTIVE_ARCH = YES;
				SDKROOT = iphoneos;
				SWIFT_ACTIVE_COMPILATION_CONDITIONS = "DEBUG $(inherited)";
				SWIFT_OPTIMIZATION_LEVEL = "-Onone";
			};
			name = Debug;
		};
		9BF4AFF82D4B754C00F4E9E6 /* Release */ = {
			isa = XCBuildConfiguration;
			buildSettings = {
				ALWAYS_SEARCH_USER_PATHS = NO;
				ASSETCATALOG_COMPILER_GENERATE_SWIFT_ASSET_SYMBOL_EXTENSIONS = YES;
				CLANG_ANALYZER_NONNULL = YES;
				CLANG_ANALYZER_NUMBER_OBJECT_CONVERSION = YES_AGGRESSIVE;
				CLANG_CXX_LANGUAGE_STANDARD = "gnu++20";
				CLANG_ENABLE_MODULES = YES;
				CLANG_ENABLE_OBJC_ARC = YES;
				CLANG_ENABLE_OBJC_WEAK = YES;
				CLANG_WARN_BLOCK_CAPTURE_AUTORELEASING = YES;
				CLANG_WARN_BOOL_CONVERSION = YES;
				CLANG_WARN_COMMA = YES;
				CLANG_WARN_CONSTANT_CONVERSION = YES;
				CLANG_WARN_DEPRECATED_OBJC_IMPLEMENTATIONS = YES;
				CLANG_WARN_DIRECT_OBJC_ISA_USAGE = YES_ERROR;
				CLANG_WARN_DOCUMENTATION_COMMENTS = YES;
				CLANG_WARN_EMPTY_BODY = YES;
				CLANG_WARN_ENUM_CONVERSION = YES;
				CLANG_WARN_INFINITE_RECURSION = YES;
				CLANG_WARN_INT_CONVERSION = YES;
				CLANG_WARN_NON_LITERAL_NULL_CONVERSION = YES;
				CLANG_WARN_OBJC_IMPLICIT_RETAIN_SELF = YES;
				CLANG_WARN_OBJC_LITERAL_CONVERSION = YES;
				CLANG_WARN_OBJC_ROOT_CLASS = YES_ERROR;
				CLANG_WARN_QUOTED_INCLUDE_IN_FRAMEWORK_HEADER = YES;
				CLANG_WARN_RANGE_LOOP_ANALYSIS = YES;
				CLANG_WARN_STRICT_PROTOTYPES = YES;
				CLANG_WARN_SUSPICIOUS_MOVE = YES;
				CLANG_WARN_UNGUARDED_AVAILABILITY = YES_AGGRESSIVE;
				CLANG_WARN_UNREACHABLE_CODE = YES;
				CLANG_WARN__DUPLICATE_METHOD_MATCH = YES;
				COPY_PHASE_STRIP = NO;
				DEBUG_INFORMATION_FORMAT = "dwarf-with-dsym";
				ENABLE_NS_ASSERTIONS = NO;
				ENABLE_STRICT_OBJC_MSGSEND = YES;
				ENABLE_USER_SCRIPT_SANDBOXING = YES;
				GCC_C_LANGUAGE_STANDARD = gnu17;
				GCC_NO_COMMON_BLOCKS = YES;
				GCC_WARN_64_TO_32_BIT_CONVERSION = YES;
				GCC_WARN_ABOUT_RETURN_TYPE = YES_ERROR;
				GCC_WARN_UNDECLARED_SELECTOR = YES;
				GCC_WARN_UNINITIALIZED_AUTOS = YES_AGGRESSIVE;
				GCC_WARN_UNUSED_FUNCTION = YES;
				GCC_WARN_UNUSED_VARIABLE = YES;
				IPHONEOS_DEPLOYMENT_TARGET = 18.1;
				LOCALIZATION_PREFERS_STRING_CATALOGS = YES;
				MTL_ENABLE_DEBUG_INFO = NO;
				MTL_FAST_MATH = YES;
				SDKROOT = iphoneos;
				SWIFT_COMPILATION_MODE = wholemodule;
				VALIDATE_PRODUCT = YES;
			};
			name = Release;
		};
		9BF4AFFA2D4B754C00F4E9E6 /* Debug */ = {
			isa = XCBuildConfiguration;
			buildSettings = {
				ASSETCATALOG_COMPILER_APPICON_NAME = AppIcon;
				ASSETCATALOG_COMPILER_GLOBAL_ACCENT_COLOR_NAME = AccentColor;
				CODE_SIGN_STYLE = Automatic;
				CURRENT_PROJECT_VERSION = 1;
				ENABLE_PREVIEWS = YES;
				INFOPLIST_FILE = HostApp/Info.plist;
				INFOPLIST_KEY_UIApplicationSceneManifest_Generation = YES;
				INFOPLIST_KEY_UIApplicationSupportsIndirectInputEvents = YES;
				INFOPLIST_KEY_UILaunchScreen_Generation = YES;
				INFOPLIST_KEY_UISupportedInterfaceOrientations = UIInterfaceOrientationPortrait;
				LD_RUNPATH_SEARCH_PATHS = (
					"$(inherited)",
					"@executable_path/Frameworks",
				);
				MARKETING_VERSION = 1.0;
				PRODUCT_BUNDLE_IDENTIFIER = sdsnapshots.SampleProj;
				PRODUCT_NAME = "$(TARGET_NAME)";
				SUPPORTED_PLATFORMS = "iphoneos iphonesimulator";
				SUPPORTS_MACCATALYST = NO;
				SUPPORTS_MAC_DESIGNED_FOR_IPHONE_IPAD = NO;
				SUPPORTS_XR_DESIGNED_FOR_IPHONE_IPAD = NO;
				SWIFT_EMIT_LOC_STRINGS = YES;
				SWIFT_VERSION = 5.0;
				TARGETED_DEVICE_FAMILY = "1,2";
			};
			name = Debug;
		};
		9BF4AFFB2D4B754C00F4E9E6 /* Release */ = {
			isa = XCBuildConfiguration;
			buildSettings = {
				ASSETCATALOG_COMPILER_APPICON_NAME = AppIcon;
				ASSETCATALOG_COMPILER_GLOBAL_ACCENT_COLOR_NAME = AccentColor;
				CODE_SIGN_STYLE = Automatic;
				CURRENT_PROJECT_VERSION = 1;
				ENABLE_PREVIEWS = YES;
				INFOPLIST_FILE = HostApp/Info.plist;
				INFOPLIST_KEY_UIApplicationSceneManifest_Generation = YES;
				INFOPLIST_KEY_UIApplicationSupportsIndirectInputEvents = YES;
				INFOPLIST_KEY_UILaunchScreen_Generation = YES;
				INFOPLIST_KEY_UISupportedInterfaceOrientations = UIInterfaceOrientationPortrait;
				LD_RUNPATH_SEARCH_PATHS = (
					"$(inherited)",
					"@executable_path/Frameworks",
				);
				MARKETING_VERSION = 1.0;
				PRODUCT_BUNDLE_IDENTIFIER = sdsnapshots.SampleProj;
				PRODUCT_NAME = "$(TARGET_NAME)";
				SUPPORTED_PLATFORMS = "iphoneos iphonesimulator";
				SUPPORTS_MACCATALYST = NO;
				SUPPORTS_MAC_DESIGNED_FOR_IPHONE_IPAD = NO;
				SUPPORTS_XR_DESIGNED_FOR_IPHONE_IPAD = NO;
				SWIFT_EMIT_LOC_STRINGS = YES;
				SWIFT_VERSION = 5.0;
				TARGETED_DEVICE_FAMILY = "1,2";
			};
			name = Release;
		};
		9BF4B7A22D4B770E00F4E9E6 /* Debug */ = {
			isa = XCBuildConfiguration;
			buildSettings = {
				CODE_SIGN_STYLE = Automatic;
				CURRENT_PROJECT_VERSION = 1;
				GENERATE_INFOPLIST_FILE = YES;
				MARKETING_VERSION = 1.0;
				PRODUCT_BUNDLE_IDENTIFIER = sdsnapshots.Tests;
				PRODUCT_NAME = "$(TARGET_NAME)";
				SUPPORTED_PLATFORMS = "iphoneos iphonesimulator";
				SUPPORTS_MACCATALYST = NO;
				SUPPORTS_MAC_DESIGNED_FOR_IPHONE_IPAD = NO;
				SUPPORTS_XR_DESIGNED_FOR_IPHONE_IPAD = NO;
				SWIFT_EMIT_LOC_STRINGS = NO;
				SWIFT_VERSION = 5.0;
				TARGETED_DEVICE_FAMILY = "1,2";
				TEST_HOST = "$(BUILT_PRODUCTS_DIR)/HostApp.app/$(BUNDLE_EXECUTABLE_FOLDER_PATH)/HostApp";
			};
			name = Debug;
		};
		9BF4B7A32D4B770E00F4E9E6 /* Release */ = {
			isa = XCBuildConfiguration;
			buildSettings = {
				CODE_SIGN_STYLE = Automatic;
				CURRENT_PROJECT_VERSION = 1;
				GENERATE_INFOPLIST_FILE = YES;
				MARKETING_VERSION = 1.0;
				PRODUCT_BUNDLE_IDENTIFIER = sdsnapshots.Tests;
				PRODUCT_NAME = "$(TARGET_NAME)";
				SUPPORTED_PLATFORMS = "iphoneos iphonesimulator";
				SUPPORTS_MACCATALYST = NO;
				SUPPORTS_MAC_DESIGNED_FOR_IPHONE_IPAD = NO;
				SUPPORTS_XR_DESIGNED_FOR_IPHONE_IPAD = NO;
				SWIFT_EMIT_LOC_STRINGS = NO;
				SWIFT_VERSION = 5.0;
				TARGETED_DEVICE_FAMILY = "1,2";
				TEST_HOST = "$(BUILT_PRODUCTS_DIR)/HostApp.app/$(BUNDLE_EXECUTABLE_FOLDER_PATH)/HostApp";
			};
			name = Release;
		};
/* End XCBuildConfiguration section */

/* Begin XCConfigurationList section */
		9BF4AFE62D4B754900F4E9E6 /* Build configuration list for PBXProject "SampleProj" */ = {
			isa = XCConfigurationList;
			buildConfigurations = (
				9BF4AFF72D4B754C00F4E9E6 /* Debug */,
				9BF4AFF82D4B754C00F4E9E6 /* Release */,
			);
			defaultConfigurationIsVisible = 0;
			defaultConfigurationName = Release;
		};
		9BF4AFF92D4B754C00F4E9E6 /* Build configuration list for PBXNativeTarget "HostApp" */ = {
			isa = XCConfigurationList;
			buildConfigurations = (
				9BF4AFFA2D4B754C00F4E9E6 /* Debug */,
				9BF4AFFB2D4B754C00F4E9E6 /* Release */,
			);
			defaultConfigurationIsVisible = 0;
			defaultConfigurationName = Release;
		};
		9BF4B7A12D4B770E00F4E9E6 /* Build configuration list for PBXNativeTarget "SDSnapshotTests" */ = {
			isa = XCConfigurationList;
			buildConfigurations = (
				9BF4B7A22D4B770E00F4E9E6 /* Debug */,
				9BF4B7A32D4B770E00F4E9E6 /* Release */,
			);
			defaultConfigurationIsVisible = 0;
			defaultConfigurationName = Release;
		};
/* End XCConfigurationList section */

/* Begin XCRemoteSwiftPackageReference section */
		9B200B1D2D9149D800CC1A98 /* XCRemoteSwiftPackageReference "snapshots-kit-ios" */ = {
			isa = XCRemoteSwiftPackageReference;
			repositoryURL = "https://github.com/salute-developers/snapshots-kit-ios";
			requirement = {
				kind = exactVersion;
				version = 1.1.0;
			};
		};
/* End XCRemoteSwiftPackageReference section */

/* Begin XCSwiftPackageProductDependency section */
		9B200B1E2D9149D800CC1A98 /* SDSnapshots */ = {
			isa = XCSwiftPackageProductDependency;
			package = 9B200B1D2D9149D800CC1A98 /* XCRemoteSwiftPackageReference "snapshots-kit-ios" */;
			productName = SDSnapshots;
		};
		9B200B202D914A0C00CC1A98 /* SDSnapshots */ = {
			isa = XCSwiftPackageProductDependency;
			package = 9B200B1D2D9149D800CC1A98 /* XCRemoteSwiftPackageReference "snapshots-kit-ios" */;
			productName = SDSnapshots;
		};
		9BF4BBD32D4B85C000F4E9E6 /* SDSnapshots */ = {
			isa = XCSwiftPackageProductDependency;
			productName = SDSnapshots;
		};
/* End XCSwiftPackageProductDependency section */
	};
	rootObject = 9BF4AFE32D4B754900F4E9E6 /* Project object */;
}
