{
  "originHash" : "e62840baab0ceb37380e2e4a70245e5af7573555dd9329032d42dbff2476f883",
  "pins" : [
    {
      "identity" : "snapshots-kit-ios",
      "kind" : "remoteSourceControl",
      "location" : "https://github.com/salute-developers/snapshots-kit-ios",
      "state" : {
        "revision" : "25bfabac78ff799598726da61fbe5efec9fcda0d",
        "version" : "1.1.0"
      }
    }
  ],
  "version" : 3
}
